
Microsoft Visual Studio Solution File, Format Version 12.00
# Visual Studio Version 16
VisualStudioVersion = 16.0.34031.81
MinimumVisualStudioVersion = 10.0.40219.1
Project("{FAE04EC0-301F-11D3-BF4B-00C04F79EFBC}") = "BanDongHo", "BanDongHo\BanDongHo.csproj", "{51B068D4-8503-41FE-8012-E58CF8A25344}"
EndProject
Global
	GlobalSection(SolutionConfigurationPlatforms) = preSolution
		Debug|Any CPU = Debug|Any CPU
		Release|Any CPU = Release|Any CPU
	EndGlobalSection
	GlobalSection(ProjectConfigurationPlatforms) = postSolution
		{51B068D4-8503-41FE-8012-E58CF8A25344}.Debug|Any CPU.ActiveCfg = Debug|Any CPU
		{51B068D4-8503-41FE-8012-E58CF8A25344}.Debug|Any CPU.Build.0 = Debug|Any CPU
		{51B068D4-8503-41FE-8012-E58CF8A25344}.Release|Any CPU.ActiveCfg = Release|Any CPU
		{51B068D4-8503-41FE-8012-E58CF8A25344}.Release|Any CPU.Build.0 = Release|Any CPU
	EndGlobalSection
	GlobalSection(SolutionProperties) = preSolution
		HideSolutionNode = FALSE
	EndGlobalSection
	GlobalSection(ExtensibilityGlobals) = postSolution
		SolutionGuid = {97F70C07-F90B-449A-B2ED-5E4D513C3916}
	EndGlobalSection
EndGlobal
